// !$*UTF8*$!
{
	archiveVersion = 1;
	classes = {
	};
	objectVersion = 46;
	objects = {

/* Begin PBXBuildFile section */
		A52181A625DED38700562564 /* iOS_15_1 in Resources */ = {isa = PBXBuildFile; fileRef = A52181A425DED38700562564 /* iOS_15_1 */; };
		A52181A725DED38700562564 /* iOS_15_1 Extension in Resources */ = {isa = PBXBuildFile; fileRef = A52181A525DED38700562564 /* iOS_15_1 Extension */; };
		A54C56F825DBFF1E00D0F35E /* AppDelegate.swift in Sources */ = {isa = PBXBuildFile; fileRef = A54C56F725DBFF1E00D0F35E /* AppDelegate.swift */; };
		A54C56FA25DBFF1E00D0F35E /* TamañoPizzaController.swift in Sources */ = {isa = PBXBuildFile; fileRef = A54C56F925DBFF1E00D0F35E /* TamañoPizzaController.swift */; };
		A54C56FD25DBFF1E00D0F35E /* Main.storyboard in Resources */ = {isa = PBXBuildFile; fileRef = A54C56FB25DBFF1E00D0F35E /* Main.storyboard */; };
		A54C56FF25DBFF1E00D0F35E /* Assets.xcassets in Resources */ = {isa = PBXBuildFile; fileRef = A54C56FE25DBFF1E00D0F35E /* Assets.xcassets */; };
		A54C570225DBFF1E00D0F35E /* LaunchScreen.storyboard in Resources */ = {isa = PBXBuildFile; fileRef = A54C570025DBFF1E00D0F35E /* LaunchScreen.storyboard */; };
		A5C504BD25DD5DD000842377 /* TipoDeMasa.swift in Sources */ = {isa = PBXBuildFile; fileRef = A5C504BC25DD5DD000842377 /* TipoDeMasa.swift */; };
		A5C504BF25DD60DA00842377 /* ClaseDeQueso.swift in Sources */ = {isa = PBXBuildFile; fileRef = A5C504BE25DD60DA00842377 /* ClaseDeQueso.swift */; };
		A5C504C125DD617000842377 /* Ingredientes.swift in Sources */ = {isa = PBXBuildFile; fileRef = A5C504C025DD617000842377 /* Ingredientes.swift */; };
		A5C504C325DD61BA00842377 /* ConfirmacionDePedido.swift in Sources */ = {isa = PBXBuildFile; fileRef = A5C504C225DD61BA00842377 /* ConfirmacionDePedido.swift */; };
/* End PBXBuildFile section */

/* Begin PBXFileReference section */
		A52181A425DED38700562564 /* iOS_15_1 */ = {isa = PBXFileReference; lastKnownFileType = folder; name = iOS_15_1; path = "../../../Downloads/Interfaz-de-usuario-en-iOS_Semana-2-y-4_App-para-crear-una-pizza-desde-iPhone-y-Apple-Watch-master/iOS_15_1"; sourceTree = "<group>"; };
		A52181A525DED38700562564 /* iOS_15_1 Extension */ = {isa = PBXFileReference; lastKnownFileType = folder; name = "iOS_15_1 Extension"; path = "../../../Downloads/Interfaz-de-usuario-en-iOS_Semana-2-y-4_App-para-crear-una-pizza-desde-iPhone-y-Apple-Watch-master/iOS_15_1 Extension"; sourceTree = "<group>"; };
		A54C56F425DBFF1E00D0F35E /* PIZZA FINAL.app */ = {isa = PBXFileReference; explicitFileType = wrapper.application; includeInIndex = 0; path = "PIZZA FINAL.app"; sourceTree = BUILT_PRODUCTS_DIR; };
		A54C56F725DBFF1E00D0F35E /* AppDelegate.swift */ = {isa = PBXFileReference; lastKnownFileType = sourcecode.swift; path = AppDelegate.swift; sourceTree = "<group>"; };
		A54C56F925DBFF1E00D0F35E /* TamañoPizzaController.swift */ = {isa = PBXFileReference; lastKnownFileType = sourcecode.swift; path = "TamañoPizzaController.swift"; sourceTree = "<group>"; };
		A54C56FC25DBFF1E00D0F35E /* Base */ = {isa = PBXFileReference; lastKnownFileType = file.storyboard; name = Base; path = Base.lproj/Main.storyboard; sourceTree = "<group>"; };
		A54C56FE25DBFF1E00D0F35E /* Assets.xcassets */ = {isa = PBXFileReference; lastKnownFileType = folder.assetcatalog; path = Assets.xcassets; sourceTree = "<group>"; };
		A54C570125DBFF1E00D0F35E /* Base */ = {isa = PBXFileReference; lastKnownFileType = file.storyboard; name = Base; path = Base.lproj/LaunchScreen.storyboard; sourceTree = "<group>"; };
		A54C570325DBFF1E00D0F35E /* Info.plist */ = {isa = PBXFileReference; lastKnownFileType = text.plist.xml; path = Info.plist; sourceTree = "<group>"; };
		A5C504BC25DD5DD000842377 /* TipoDeMasa.swift */ = {isa = PBXFileReference; fileEncoding = 4; lastKnownFileType = sourcecode.swift; name = TipoDeMasa.swift; path = ../TipoDeMasa.swift; sourceTree = "<group>"; };
		A5C504BE25DD60DA00842377 /* ClaseDeQueso.swift */ = {isa = PBXFileReference; fileEncoding = 4; lastKnownFileType = sourcecode.swift; path = ClaseDeQueso.swift; sourceTree = "<group>"; };
		A5C504C025DD617000842377 /* Ingredientes.swift */ = {isa = PBXFileReference; fileEncoding = 4; lastKnownFileType = sourcecode.swift; name = Ingredientes.swift; path = ../Ingredientes.swift; sourceTree = "<group>"; };
		A5C504C225DD61BA00842377 /* ConfirmacionDePedido.swift */ = {isa = PBXFileReference; fileEncoding = 4; lastKnownFileType = sourcecode.swift; path = ConfirmacionDePedido.swift; sourceTree = "<group>"; };
/* End PBXFileReference section */

/* Begin PBXFrameworksBuildPhase section */
		A54C56F125DBFF1E00D0F35E /* Frameworks */ = {
			isa = PBXFrameworksBuildPhase;
			buildActionMask = 2147483647;
			files = (
			);
			runOnlyForDeploymentPostprocessing = 0;
		};
/* End PBXFrameworksBuildPhase section */

/* Begin PBXGroup section */
		A54C56EB25DBFF1E00D0F35E = {
			isa = PBXGroup;
			children = (
				A52181A425DED38700562564 /* iOS_15_1 */,
				A52181A525DED38700562564 /* iOS_15_1 Extension */,
				A54C56F625DBFF1E00D0F35E /* PIZZA FINAL */,
				A54C56F525DBFF1E00D0F35E /* Products */,
			);
			sourceTree = "<group>";
		};
		A54C56F525DBFF1E00D0F35E /* Products */ = {
			isa = PBXGroup;
			children = (
				A54C56F425DBFF1E00D0F35E /* PIZZA FINAL.app */,
			);
			name = Products;
			sourceTree = "<group>";
		};
		A54C56F625DBFF1E00D0F35E /* PIZZA FINAL */ = {
			isa = PBXGroup;
			children = (
				A54C56F725DBFF1E00D0F35E /* AppDelegate.swift */,
				A54C56F925DBFF1E00D0F35E /* TamañoPizzaController.swift */,
				A5C504BC25DD5DD000842377 /* TipoDeMasa.swift */,
				A5C504BE25DD60DA00842377 /* ClaseDeQueso.swift */,
				A5C504C025DD617000842377 /* Ingredientes.swift */,
				A5C504C225DD61BA00842377 /* ConfirmacionDePedido.swift */,
				A54C56FB25DBFF1E00D0F35E /* Main.storyboard */,
				A54C56FE25DBFF1E00D0F35E /* Assets.xcassets */,
				A54C570025DBFF1E00D0F35E /* LaunchScreen.storyboard */,
				A54C570325DBFF1E00D0F35E /* Info.plist */,
			);
			path = "PIZZA FINAL";
			sourceTree = "<group>";
		};
/* End PBXGroup section */

/* Begin PBXNativeTarget section */
		A54C56F325DBFF1E00D0F35E /* PIZZA FINAL */ = {
			isa = PBXNativeTarget;
			buildConfigurationList = A54C570625DBFF1E00D0F35E /* Build configuration list for PBXNativeTarget "PIZZA FINAL" */;
			buildPhases = (
				A54C56F025DBFF1E00D0F35E /* Sources */,
				A54C56F125DBFF1E00D0F35E /* Frameworks */,
				A54C56F225DBFF1E00D0F35E /* Resources */,
			);
			buildRules = (
			);
			dependencies = (
			);
			name = "PIZZA FINAL";
			productName = "PIZZA FINAL";
			productReference = A54C56F425DBFF1E00D0F35E /* PIZZA FINAL.app */;
			productType = "com.apple.product-type.application";
		};
/* End PBXNativeTarget section */

/* Begin PBXProject section */
		A54C56EC25DBFF1E00D0F35E /* Project object */ = {
			isa = PBXProject;
			attributes = {
				LastSwiftUpdateCheck = 0820;
				LastUpgradeCheck = 0820;
				ORGANIZATIONNAME = "Nicolas Russi";
				TargetAttributes = {
					A54C56F325DBFF1E00D0F35E = {
						CreatedOnToolsVersion = 8.2;
						ProvisioningStyle = Automatic;
					};
				};
			};
			buildConfigurationList = A54C56EF25DBFF1E00D0F35E /* Build configuration list for PBXProject "PIZZA FINAL" */;
			compatibilityVersion = "Xcode 3.2";
			developmentRegion = English;
			hasScannedForEncodings = 0;
			knownRegions = (
				en,
				Base,
			);
			mainGroup = A54C56EB25DBFF1E00D0F35E;
			productRefGroup = A54C56F525DBFF1E00D0F35E /* Products */;
			projectDirPath = "";
			projectRoot = "";
			targets = (
				A54C56F325DBFF1E00D0F35E /* PIZZA FINAL */,
			);
		};
/* End PBXProject section */

/* Begin PBXResourcesBuildPhase section */
		A54C56F225DBFF1E00D0F35E /* Resources */ = {
			isa = PBXResourcesBuildPhase;
			buildActionMask = 2147483647;
			files = (
				A52181A725DED38700562564 /* iOS_15_1 Extension in Resources */,
				A52181A625DED38700562564 /* iOS_15_1 in Resources */,
				A54C570225DBFF1E00D0F35E /* LaunchScreen.storyboard in Resources */,
				A54C56FF25DBFF1E00D0F35E /* Assets.xcassets in Resources */,
				A54C56FD25DBFF1E00D0F35E /* Main.storyboard in Resources */,
			);
			runOnlyForDeploymentPostprocessing = 0;
		};
/* End PBXResourcesBuildPhase section */

/* Begin PBXSourcesBuildPhase section */
		A54C56F025DBFF1E00D0F35E /* Sources */ = {
			isa = PBXSourcesBuildPhase;
			buildActionMask = 2147483647;
			files = (
				A5C504BD25DD5DD000842377 /* TipoDeMasa.swift in Sources */,
				A54C56FA25DBFF1E00D0F35E /* TamañoPizzaController.swift in Sources */,
				A5C504C125DD617000842377 /* Ingredientes.swift in Sources */,
				A54C56F825DBFF1E00D0F35E /* AppDelegate.swift in Sources */,
				A5C504BF25DD60DA00842377 /* ClaseDeQueso.swift in Sources */,
				A5C504C325DD61BA00842377 /* ConfirmacionDePedido.swift in Sources */,
			);
			runOnlyForDeploymentPostprocessing = 0;
		};
/* End PBXSourcesBuildPhase section */

/* Begin PBXVariantGroup section */
		A54C56FB25DBFF1E00D0F35E /* Main.storyboard */ = {
			isa = PBXVariantGroup;
			children = (
				A54C56FC25DBFF1E00D0F35E /* Base */,
			);
			name = Main.storyboard;
			sourceTree = "<group>";
		};
		A54C570025DBFF1E00D0F35E /* LaunchScreen.storyboard */ = {
			isa = PBXVariantGroup;
			children = (
				A54C570125DBFF1E00D0F35E /* Base */,
			);
			name = LaunchScreen.storyboard;
			sourceTree = "<group>";
		};
/* End PBXVariantGroup section */

/* Begin XCBuildConfiguration section */
		A54C570425DBFF1E00D0F35E /* Debug */ = {
			isa = XCBuildConfiguration;
			buildSettings = {
				ALWAYS_SEARCH_USER_PATHS = NO;
				CLANG_ANALYZER_NONNULL = YES;
				CLANG_CXX_LANGUAGE_STANDARD = "gnu++0x";
				CLANG_CXX_LIBRARY = "libc++";
				CLANG_ENABLE_MODULES = YES;
				CLANG_ENABLE_OBJC_ARC = YES;
				CLANG_WARN_BOOL_CONVERSION = YES;
				CLANG_WARN_CONSTANT_CONVERSION = YES;
				CLANG_WARN_DIRECT_OBJC_ISA_USAGE = YES_ERROR;
				CLANG_WARN_DOCUMENTATION_COMMENTS = YES;
				CLANG_WARN_EMPTY_BODY = YES;
				CLANG_WARN_ENUM_CONVERSION = YES;
				CLANG_WARN_INFINITE_RECURSION = YES;
				CLANG_WARN_INT_CONVERSION = YES;
				CLANG_WARN_OBJC_ROOT_CLASS = YES_ERROR;
				CLANG_WARN_SUSPICIOUS_MOVE = YES;
				CLANG_WARN_UNREACHABLE_CODE = YES;
				CLANG_WARN__DUPLICATE_METHOD_MATCH = YES;
				"CODE_SIGN_IDENTITY[sdk=iphoneos*]" = "iPhone Developer";
				COPY_PHASE_STRIP = NO;
				DEBUG_INFORMATION_FORMAT = dwarf;
				ENABLE_STRICT_OBJC_MSGSEND = YES;
				ENABLE_TESTABILITY = YES;
				GCC_C_LANGUAGE_STANDARD = gnu99;
				GCC_DYNAMIC_NO_PIC = NO;
				GCC_NO_COMMON_BLOCKS = YES;
				GCC_OPTIMIZATION_LEVEL = 0;
				GCC_PREPROCESSOR_DEFINITIONS = (
					"DEBUG=1",
					"$(inherited)",
				);
				GCC_WARN_64_TO_32_BIT_CONVERSION = YES;
				GCC_WARN_ABOUT_RETURN_TYPE = YES_ERROR;
				GCC_WARN_UNDECLARED_SELECTOR = YES;
				GCC_WARN_UNINITIALIZED_AUTOS = YES_AGGRESSIVE;
				GCC_WARN_UNUSED_FUNCTION = YES;
				GCC_WARN_UNUSED_VARIABLE = YES;
				IPHONEOS_DEPLOYMENT_TARGET = 10.2;
				MTL_ENABLE_DEBUG_INFO = YES;
				ONLY_ACTIVE_ARCH = YES;
				SDKROOT = iphoneos;
				SWIFT_ACTIVE_COMPILATION_CONDITIONS = DEBUG;
				SWIFT_OPTIMIZATION_LEVEL = "-Onone";
				TARGETED_DEVICE_FAMILY = "1,2";
			};
			name = Debug;
		};
		A54C570525DBFF1E00D0F35E /* Release */ = {
			isa = XCBuildConfiguration;
			buildSettings = {
				ALWAYS_SEARCH_USER_PATHS = NO;
				CLANG_ANALYZER_NONNULL = YES;
				CLANG_CXX_LANGUAGE_STANDARD = "gnu++0x";
				CLANG_CXX_LIBRARY = "libc++";
				CLANG_ENABLE_MODULES = YES;
				CLANG_ENABLE_OBJC_ARC = YES;
				CLANG_WARN_BOOL_CONVERSION = YES;
				CLANG_WARN_CONSTANT_CONVERSION = YES;
				CLANG_WARN_DIRECT_OBJC_ISA_USAGE = YES_ERROR;
				CLANG_WARN_DOCUMENTATION_COMMENTS = YES;
				CLANG_WARN_EMPTY_BODY = YES;
				CLANG_WARN_ENUM_CONVERSION = YES;
				CLANG_WARN_INFINITE_RECURSION = YES;
				CLANG_WARN_INT_CONVERSION = YES;
				CLANG_WARN_OBJC_ROOT_CLASS = YES_ERROR;
				CLANG_WARN_SUSPICIOUS_MOVE = YES;
				CLANG_WARN_UNREACHABLE_CODE = YES;
				CLANG_WARN__DUPLICATE_METHOD_MATCH = YES;
				"CODE_SIGN_IDENTITY[sdk=iphoneos*]" = "iPhone Developer";
				COPY_PHASE_STRIP = NO;
				DEBUG_INFORMATION_FORMAT = "dwarf-with-dsym";
				ENABLE_NS_ASSERTIONS = NO;
				ENABLE_STRICT_OBJC_MSGSEND = YES;
				GCC_C_LANGUAGE_STANDARD = gnu99;
				GCC_NO_COMMON_BLOCKS = YES;
				GCC_WARN_64_TO_32_BIT_CONVERSION = YES;
				GCC_WARN_ABOUT_RETURN_TYPE = YES_ERROR;
				GCC_WARN_UNDECLARED_SELECTOR = YES;
				GCC_WARN_UNINITIALIZED_AUTOS = YES_AGGRESSIVE;
				GCC_WARN_UNUSED_FUNCTION = YES;
				GCC_WARN_UNUSED_VARIABLE = YES;
				IPHONEOS_DEPLOYMENT_TARGET = 10.2;
				MTL_ENABLE_DEBUG_INFO = NO;
				SDKROOT = iphoneos;
				SWIFT_OPTIMIZATION_LEVEL = "-Owholemodule";
				TARGETED_DEVICE_FAMILY = "1,2";
				VALIDATE_PRODUCT = YES;
			};
			name = Release;
		};
		A54C570725DBFF1E00D0F35E /* Debug */ = {
			isa = XCBuildConfiguration;
			buildSettings = {
				ASSETCATALOG_COMPILER_APPICON_NAME = AppIcon;
				INFOPLIST_FILE = "PIZZA FINAL/Info.plist";
				LD_RUNPATH_SEARCH_PATHS = "$(inherited) @executable_path/Frameworks";
				PRODUCT_BUNDLE_IDENTIFIER = "mx.itesm.PIZZA-FINAL";
				PRODUCT_NAME = "$(TARGET_NAME)";
				SWIFT_VERSION = 3.0;
			};
			name = Debug;
		};
		A54C570825DBFF1E00D0F35E /* Release */ = {
			isa = XCBuildConfiguration;
			buildSettings = {
				ASSETCATALOG_COMPILER_APPICON_NAME = AppIcon;
				INFOPLIST_FILE = "PIZZA FINAL/Info.plist";
				LD_RUNPATH_SEARCH_PATHS = "$(inherited) @executable_path/Frameworks";
				PRODUCT_BUNDLE_IDENTIFIER = "mx.itesm.PIZZA-FINAL";
				PRODUCT_NAME = "$(TARGET_NAME)";
				SWIFT_VERSION = 3.0;
			};
			name = Release;
		};
/* End XCBuildConfiguration section */

/* Begin XCConfigurationList section */
		A54C56EF25DBFF1E00D0F35E /* Build configuration list for PBXProject "PIZZA FINAL" */ = {
			isa = XCConfigurationList;
			buildConfigurations = (
				A54C570425DBFF1E00D0F35E /* Debug */,
				A54C570525DBFF1E00D0F35E /* Release */,
			);
			defaultConfigurationIsVisible = 0;
			defaultConfigurationName = Release;
		};
		A54C570625DBFF1E00D0F35E /* Build configuration list for PBXNativeTarget "PIZZA FINAL" */ = {
			isa = XCConfigurationList;
			buildConfigurations = (
				A54C570725DBFF1E00D0F35E /* Debug */,
				A54C570825DBFF1E00D0F35E /* Release */,
			);
			defaultConfigurationIsVisible = 0;
			defaultConfigurationName = Release;
		};
/* End XCConfigurationList section */
	};
	rootObject = A54C56EC25DBFF1E00D0F35E /* Project object */;
}
